Microsoft Visual Studio Solution File, Format Version 12.00
# Visual Studio Version 17
VisualStudioVersion = 17.5.2.0
MinimumVisualStudioVersion = 10.0.40219.1
Project("{FAE04EC0-301F-11D3-BF4B-00C04F79EFBC}") = "OdiBet365", "OdiBet365.csproj", "{6468A3AE-88BD-B14E-D6EB-3B917CF50C9C}"
EndProject
Global
	GlobalSection(SolutionConfigurationPlatforms) = preSolution
		Debug|Any CPU = Debug|Any CPU
		Release|Any CPU = Release|Any CPU
	EndGlobalSection
	GlobalSection(ProjectConfigurationPlatforms) = postSolution
		{6468A3AE-88BD-B14E-D6EB-3B917CF50C9C}.Debug|Any CPU.ActiveCfg = Debug|Any CPU
		{6468A3AE-88BD-B14E-D6EB-3B917CF50C9C}.Debug|Any CPU.Build.0 = Debug|Any CPU
		{6468A3AE-88BD-B14E-D6EB-3B917CF50C9C}.Release|Any CPU.ActiveCfg = Release|Any CPU
		{6468A3AE-88BD-B14E-D6EB-3B917CF50C9C}.Release|Any CPU.Build.0 = Release|Any CPU
	EndGlobalSection
	GlobalSection(SolutionProperties) = preSolution
		HideSolutionNode = FALSE
	EndGlobalSection
	GlobalSection(ExtensibilityGlobals) = postSolution
		SolutionGuid = {5AB64CEF-E74D-4264-A58C-5D6DF89C5C43}
	EndGlobalSection
EndGlobal
